
Microsoft Visual Studio Solution File, Format Version 12.00
# Visual Studio Version 17
VisualStudioVersion = 17.6.33815.320
MinimumVisualStudioVersion = 10.0.40219.1
Project("{FAE04EC0-301F-11D3-BF4B-00C04F79EFBC}") = "BulkyBook", "BulkyBook.csproj", "{B855ED95-4F8C-4B36-98C9-1730CB8A932F}"
EndProject
Global
	GlobalSection(SolutionConfigurationPlatforms) = preSolution
		Debug|Any CPU = Debug|Any CPU
		Release|Any CPU = Release|Any CPU
	EndGlobalSection
	GlobalSection(ProjectConfigurationPlatforms) = postSolution
		{B855ED95-4F8C-4B36-98C9-1730CB8A932F}.Debug|Any CPU.ActiveCfg = Debug|Any CPU
		{B855ED95-4F8C-4B36-98C9-1730CB8A932F}.Debug|Any CPU.Build.0 = Debug|Any CPU
		{B855ED95-4F8C-4B36-98C9-1730CB8A932F}.Release|Any CPU.ActiveCfg = Release|Any CPU
		{B855ED95-4F8C-4B36-98C9-1730CB8A932F}.Release|Any CPU.Build.0 = Release|Any CPU
	EndGlobalSection
	GlobalSection(SolutionProperties) = preSolution
		HideSolutionNode = FALSE
	EndGlobalSection
	GlobalSection(ExtensibilityGlobals) = postSolution
		SolutionGuid = {18FA1653-4FBC-4E81-AED9-4290A74BD705}
	EndGlobalSection
EndGlobal
